
Microsoft Visual Studio Solution File, Format Version 12.00
# Visual Studio 14
VisualStudioVersion = 14.0.25420.1
MinimumVisualStudioVersion = 10.0.40219.1
Project("{FAE04EC0-301F-11D3-BF4B-00C04F79EFBC}") = "SocketServer", "SocketServer\SocketServer.csproj", "{9A3489BA-70FC-4159-B570-F5936847BADA}"
EndProject
Project("{FAE04EC0-301F-11D3-BF4B-00C04F79EFBC}") = "SocketClient", "SocketClient\SocketClient.csproj", "{B5260127-A036-4869-B7AA-DD537D42FC67}"
EndProject
Global
	GlobalSection(SolutionConfigurationPlatforms) = preSolution
		Debug|Any CPU = Debug|Any CPU
		Release|Any CPU = Release|Any CPU
	EndGlobalSection
	GlobalSection(ProjectConfigurationPlatforms) = postSolution
		{9A3489BA-70FC-4159-B570-F5936847BADA}.Debug|Any CPU.ActiveCfg = Debug|Any CPU
		{9A3489BA-70FC-4159-B570-F5936847BADA}.Debug|Any CPU.Build.0 = Debug|Any CPU
		{9A3489BA-70FC-4159-B570-F5936847BADA}.Release|Any CPU.ActiveCfg = Release|Any CPU
		{9A3489BA-70FC-4159-B570-F5936847BADA}.Release|Any CPU.Build.0 = Release|Any CPU
		{B5260127-A036-4869-B7AA-DD537D42FC67}.Debug|Any CPU.ActiveCfg = Debug|Any CPU
		{B5260127-A036-4869-B7AA-DD537D42FC67}.Debug|Any CPU.Build.0 = Debug|Any CPU
		{B5260127-A036-4869-B7AA-DD537D42FC67}.Release|Any CPU.ActiveCfg = Release|Any CPU
		{B5260127-A036-4869-B7AA-DD537D42FC67}.Release|Any CPU.Build.0 = Release|Any CPU
	EndGlobalSection
	GlobalSection(SolutionProperties) = preSolution
		HideSolutionNode = FALSE
	EndGlobalSection
EndGlobal
